
Microsoft Visual Studio Solution File, Format Version 12.00
# Visual Studio Version 17
VisualStudioVersion = 17.8.34309.116
MinimumVisualStudioVersion = 10.0.40219.1
Project("{FAE04EC0-301F-11D3-BF4B-00C04F79EFBC}") = "Assignment3_N01609602", "Assignment3_N01609602\Assignment3_N01609602.csproj", "{199D4C62-20F0-40A7-A89A-D8FF7C7867BE}"
EndProject
Global
	GlobalSection(SolutionConfigurationPlatforms) = preSolution
		Debug|Any CPU = Debug|Any CPU
		Release|Any CPU = Release|Any CPU
	EndGlobalSection
	GlobalSection(ProjectConfigurationPlatforms) = postSolution
		{199D4C62-20F0-40A7-A89A-D8FF7C7867BE}.Debug|Any CPU.ActiveCfg = Debug|Any CPU
		{199D4C62-20F0-40A7-A89A-D8FF7C7867BE}.Debug|Any CPU.Build.0 = Debug|Any CPU
		{199D4C62-20F0-40A7-A89A-D8FF7C7867BE}.Release|Any CPU.ActiveCfg = Release|Any CPU
		{199D4C62-20F0-40A7-A89A-D8FF7C7867BE}.Release|Any CPU.Build.0 = Release|Any CPU
	EndGlobalSection
	GlobalSection(SolutionProperties) = preSolution
		HideSolutionNode = FALSE
	EndGlobalSection
	GlobalSection(ExtensibilityGlobals) = postSolution
		SolutionGuid = {8E81767F-52EF-46F4-918C-329A37CD3027}
	EndGlobalSection
EndGlobal
